
Microsoft Visual Studio Solution File, Format Version 12.00
# Visual Studio 14
VisualStudioVersion = 14.0.25420.1
MinimumVisualStudioVersion = 10.0.40219.1
Project("{FAE04EC0-301F-11D3-BF4B-00C04F79EFBC}") = "FacebookAPIWebApp", "FacebookAPIWebApp\FacebookAPIWebApp.csproj", "{073A7A94-5779-4C46-8B39-1C37723BBA31}"
EndProject
Global
	GlobalSection(SolutionConfigurationPlatforms) = preSolution
		Debug|Any CPU = Debug|Any CPU
		Release|Any CPU = Release|Any CPU
	EndGlobalSection
	GlobalSection(ProjectConfigurationPlatforms) = postSolution
		{073A7A94-5779-4C46-8B39-1C37723BBA31}.Debug|Any CPU.ActiveCfg = Debug|Any CPU
		{073A7A94-5779-4C46-8B39-1C37723BBA31}.Debug|Any CPU.Build.0 = Debug|Any CPU
		{073A7A94-5779-4C46-8B39-1C37723BBA31}.Release|Any CPU.ActiveCfg = Release|Any CPU
		{073A7A94-5779-4C46-8B39-1C37723BBA31}.Release|Any CPU.Build.0 = Release|Any CPU
	EndGlobalSection
	GlobalSection(SolutionProperties) = preSolution
		HideSolutionNode = FALSE
	EndGlobalSection
EndGlobal
